
Microsoft Visual Studio Solution File, Format Version 12.00
# Visual Studio 15
VisualStudioVersion = 15.0.28307.168
MinimumVisualStudioVersion = 10.0.40219.1
Project("{FAE04EC0-301F-11D3-BF4B-00C04F79EFBC}") = "ConsoleApp1Git", "ConsoleApp1Git\ConsoleApp1Git.csproj", "{24C2E04E-7041-4ACC-98B1-19AF30BEC230}"
EndProject
Global
	GlobalSection(SolutionConfigurationPlatforms) = preSolution
		Debug|Any CPU = Debug|Any CPU
		Release|Any CPU = Release|Any CPU
	EndGlobalSection
	GlobalSection(ProjectConfigurationPlatforms) = postSolution
		{24C2E04E-7041-4ACC-98B1-19AF30BEC230}.Debug|Any CPU.ActiveCfg = Debug|Any CPU
		{24C2E04E-7041-4ACC-98B1-19AF30BEC230}.Debug|Any CPU.Build.0 = Debug|Any CPU
		{24C2E04E-7041-4ACC-98B1-19AF30BEC230}.Release|Any CPU.ActiveCfg = Release|Any CPU
		{24C2E04E-7041-4ACC-98B1-19AF30BEC230}.Release|Any CPU.Build.0 = Release|Any CPU
	EndGlobalSection
	GlobalSection(SolutionProperties) = preSolution
		HideSolutionNode = FALSE
	EndGlobalSection
	GlobalSection(ExtensibilityGlobals) = postSolution
		SolutionGuid = {9B421D91-570D-44CC-B994-EA3A00C9FF2B}
	EndGlobalSection
EndGlobal
